
Microsoft Visual Studio Solution File, Format Version 12.00
# Visual Studio Version 16
VisualStudioVersion = 16.0.28803.156
MinimumVisualStudioVersion = 10.0.40219.1
Project("{FAE04EC0-301F-11D3-BF4B-00C04F79EFBC}") = "SensoriCLI", "SensoriCLI\SensoriCLI.csproj", "{2709202A-2B21-4F28-9465-63AAF73A47FB}"
EndProject
Global
	GlobalSection(SolutionConfigurationPlatforms) = preSolution
		Debug|Any CPU = Debug|Any CPU
		Release|Any CPU = Release|Any CPU
	EndGlobalSection
	GlobalSection(ProjectConfigurationPlatforms) = postSolution
		{2709202A-2B21-4F28-9465-63AAF73A47FB}.Debug|Any CPU.ActiveCfg = Debug|Any CPU
		{2709202A-2B21-4F28-9465-63AAF73A47FB}.Debug|Any CPU.Build.0 = Debug|Any CPU
		{2709202A-2B21-4F28-9465-63AAF73A47FB}.Release|Any CPU.ActiveCfg = Release|Any CPU
		{2709202A-2B21-4F28-9465-63AAF73A47FB}.Release|Any CPU.Build.0 = Release|Any CPU
	EndGlobalSection
	GlobalSection(SolutionProperties) = preSolution
		HideSolutionNode = FALSE
	EndGlobalSection
	GlobalSection(ExtensibilityGlobals) = postSolution
		SolutionGuid = {4F6586BD-8745-4B72-A84B-0AB1CDB08FC8}
	EndGlobalSection
EndGlobal
